
Microsoft Visual Studio Solution File, Format Version 12.00
# Visual Studio 15
VisualStudioVersion = 15.0.26124.0
MinimumVisualStudioVersion = 15.0.26124.0
Project("{FAE04EC0-301F-11D3-BF4B-00C04F79EFBC}") = "API", "API\API.csproj", "{D2BD7327-E879-4738-8379-5A2F105AD50C}"
EndProject
Project("{FAE04EC0-301F-11D3-BF4B-00C04F79EFBC}") = "Application", "Application\Application.csproj", "{6EC5A1FD-3851-47EF-907F-1FAC9D16EAD5}"
EndProject
Project("{FAE04EC0-301F-11D3-BF4B-00C04F79EFBC}") = "Domain", "Domain\Domain.csproj", "{C186F126-91FE-4F3A-8AE0-6E67DA47A2E6}"
EndProject
Project("{FAE04EC0-301F-11D3-BF4B-00C04F79EFBC}") = "Persistence", "Persistence\Persistence.csproj", "{8B9B0708-DDD7-4EC5-BBE3-6EE7DEB3BE02}"
EndProject
Global
	GlobalSection(SolutionConfigurationPlatforms) = preSolution
		Debug|Any CPU = Debug|Any CPU
		Debug|x64 = Debug|x64
		Debug|x86 = Debug|x86
		Release|Any CPU = Release|Any CPU
		Release|x64 = Release|x64
		Release|x86 = Release|x86
	EndGlobalSection
	GlobalSection(SolutionProperties) = preSolution
		HideSolutionNode = FALSE
	EndGlobalSection
	GlobalSection(ProjectConfigurationPlatforms) = postSolution
		{D2BD7327-E879-4738-8379-5A2F105AD50C}.Debug|Any CPU.ActiveCfg = Debug|Any CPU
		{D2BD7327-E879-4738-8379-5A2F105AD50C}.Debug|Any CPU.Build.0 = Debug|Any CPU
		{D2BD7327-E879-4738-8379-5A2F105AD50C}.Debug|x64.ActiveCfg = Debug|Any CPU
		{D2BD7327-E879-4738-8379-5A2F105AD50C}.Debug|x64.Build.0 = Debug|Any CPU
		{D2BD7327-E879-4738-8379-5A2F105AD50C}.Debug|x86.ActiveCfg = Debug|Any CPU
		{D2BD7327-E879-4738-8379-5A2F105AD50C}.Debug|x86.Build.0 = Debug|Any CPU
		{D2BD7327-E879-4738-8379-5A2F105AD50C}.Release|Any CPU.ActiveCfg = Release|Any CPU
		{D2BD7327-E879-4738-8379-5A2F105AD50C}.Release|Any CPU.Build.0 = Release|Any CPU
		{D2BD7327-E879-4738-8379-5A2F105AD50C}.Release|x64.ActiveCfg = Release|Any CPU
		{D2BD7327-E879-4738-8379-5A2F105AD50C}.Release|x64.Build.0 = Release|Any CPU
		{D2BD7327-E879-4738-8379-5A2F105AD50C}.Release|x86.ActiveCfg = Release|Any CPU
		{D2BD7327-E879-4738-8379-5A2F105AD50C}.Release|x86.Build.0 = Release|Any CPU
		{6EC5A1FD-3851-47EF-907F-1FAC9D16EAD5}.Debug|Any CPU.ActiveCfg = Debug|Any CPU
		{6EC5A1FD-3851-47EF-907F-1FAC9D16EAD5}.Debug|Any CPU.Build.0 = Debug|Any CPU
		{6EC5A1FD-3851-47EF-907F-1FAC9D16EAD5}.Debug|x64.ActiveCfg = Debug|Any CPU
		{6EC5A1FD-3851-47EF-907F-1FAC9D16EAD5}.Debug|x64.Build.0 = Debug|Any CPU
		{6EC5A1FD-3851-47EF-907F-1FAC9D16EAD5}.Debug|x86.ActiveCfg = Debug|Any CPU
		{6EC5A1FD-3851-47EF-907F-1FAC9D16EAD5}.Debug|x86.Build.0 = Debug|Any CPU
		{6EC5A1FD-3851-47EF-907F-1FAC9D16EAD5}.Release|Any CPU.ActiveCfg = Release|Any CPU
		{6EC5A1FD-3851-47EF-907F-1FAC9D16EAD5}.Release|Any CPU.Build.0 = Release|Any CPU
		{6EC5A1FD-3851-47EF-907F-1FAC9D16EAD5}.Release|x64.ActiveCfg = Release|Any CPU
		{6EC5A1FD-3851-47EF-907F-1FAC9D16EAD5}.Release|x64.Build.0 = Release|Any CPU
		{6EC5A1FD-3851-47EF-907F-1FAC9D16EAD5}.Release|x86.ActiveCfg = Release|Any CPU
		{6EC5A1FD-3851-47EF-907F-1FAC9D16EAD5}.Release|x86.Build.0 = Release|Any CPU
		{C186F126-91FE-4F3A-8AE0-6E67DA47A2E6}.Debug|Any CPU.ActiveCfg = Debug|Any CPU
		{C186F126-91FE-4F3A-8AE0-6E67DA47A2E6}.Debug|Any CPU.Build.0 = Debug|Any CPU
		{C186F126-91FE-4F3A-8AE0-6E67DA47A2E6}.Debug|x64.ActiveCfg = Debug|Any CPU
		{C186F126-91FE-4F3A-8AE0-6E67DA47A2E6}.Debug|x64.Build.0 = Debug|Any CPU
		{C186F126-91FE-4F3A-8AE0-6E67DA47A2E6}.Debug|x86.ActiveCfg = Debug|Any CPU
		{C186F126-91FE-4F3A-8AE0-6E67DA47A2E6}.Debug|x86.Build.0 = Debug|Any CPU
		{C186F126-91FE-4F3A-8AE0-6E67DA47A2E6}.Release|Any CPU.ActiveCfg = Release|Any CPU
		{C186F126-91FE-4F3A-8AE0-6E67DA47A2E6}.Release|Any CPU.Build.0 = Release|Any CPU
		{C186F126-91FE-4F3A-8AE0-6E67DA47A2E6}.Release|x64.ActiveCfg = Release|Any CPU
		{C186F126-91FE-4F3A-8AE0-6E67DA47A2E6}.Release|x64.Build.0 = Release|Any CPU
		{C186F126-91FE-4F3A-8AE0-6E67DA47A2E6}.Release|x86.ActiveCfg = Release|Any CPU
		{C186F126-91FE-4F3A-8AE0-6E67DA47A2E6}.Release|x86.Build.0 = Release|Any CPU
		{8B9B0708-DDD7-4EC5-BBE3-6EE7DEB3BE02}.Debug|Any CPU.ActiveCfg = Debug|Any CPU
		{8B9B0708-DDD7-4EC5-BBE3-6EE7DEB3BE02}.Debug|Any CPU.Build.0 = Debug|Any CPU
		{8B9B0708-DDD7-4EC5-BBE3-6EE7DEB3BE02}.Debug|x64.ActiveCfg = Debug|Any CPU
		{8B9B0708-DDD7-4EC5-BBE3-6EE7DEB3BE02}.Debug|x64.Build.0 = Debug|Any CPU
		{8B9B0708-DDD7-4EC5-BBE3-6EE7DEB3BE02}.Debug|x86.ActiveCfg = Debug|Any CPU
		{8B9B0708-DDD7-4EC5-BBE3-6EE7DEB3BE02}.Debug|x86.Build.0 = Debug|Any CPU
		{8B9B0708-DDD7-4EC5-BBE3-6EE7DEB3BE02}.Release|Any CPU.ActiveCfg = Release|Any CPU
		{8B9B0708-DDD7-4EC5-BBE3-6EE7DEB3BE02}.Release|Any CPU.Build.0 = Release|Any CPU
		{8B9B0708-DDD7-4EC5-BBE3-6EE7DEB3BE02}.Release|x64.ActiveCfg = Release|Any CPU
		{8B9B0708-DDD7-4EC5-BBE3-6EE7DEB3BE02}.Release|x64.Build.0 = Release|Any CPU
		{8B9B0708-DDD7-4EC5-BBE3-6EE7DEB3BE02}.Release|x86.ActiveCfg = Release|Any CPU
		{8B9B0708-DDD7-4EC5-BBE3-6EE7DEB3BE02}.Release|x86.Build.0 = Release|Any CPU
	EndGlobalSection
EndGlobal
